// !$*UTF8*$!
{
	archiveVersion = 1;
	classes = {
	};
	objectVersion = 77;
	objects = {

/* Begin PBXContainerItemProxy section */
		D3C29C042E3D96D4007F766E /* PBXContainerItemProxy */ = {
			isa = PBXContainerItemProxy;
			containerPortal = D3C29BEE2E3D96D2007F766E /* Project object */;
			proxyType = 1;
			remoteGlobalIDString = D3C29BF52E3D96D2007F766E;
			remoteInfo = VocabCoach;
		};
		D3C29C0E2E3D96D4007F766E /* PBXContainerItemProxy */ = {
			isa = PBXContainerItemProxy;
			containerPortal = D3C29BEE2E3D96D2007F766E /* Project object */;
			proxyType = 1;
			remoteGlobalIDString = D3C29BF52E3D96D2007F766E;
			remoteInfo = VocabCoach;
		};
/* End PBXContainerItemProxy section */

/* Begin PBXFileReference section */
		D3C29BF62E3D96D2007F766E /* VocabCoach.app */ = {isa = PBXFileReference; explicitFileType = wrapper.application; includeInIndex = 0; path = VocabCoach.app; sourceTree = BUILT_PRODUCTS_DIR; };
		D3C29C032E3D96D4007F766E /* VocabCoachTests.xctest */ = {isa = PBXFileReference; explicitFileType = wrapper.cfbundle; includeInIndex = 0; path = VocabCoachTests.xctest; sourceTree = BUILT_PRODUCTS_DIR; };
		D3C29C0D2E3D96D4007F766E /* VocabCoachUITests.xctest */ = {isa = PBXFileReference; explicitFileType = wrapper.cfbundle; includeInIndex = 0; path = VocabCoachUITests.xctest; sourceTree = BUILT_PRODUCTS_DIR; };
/* End PBXFileReference section */

/* Begin PBXFileSystemSynchronizedRootGroup section */
		D3C29BF82E3D96D2007F766E /* VocabCoach */ = {
			isa = PBXFileSystemSynchronizedRootGroup;
			path = VocabCoach;
			sourceTree = "<group>";
		};
		D3C29C062E3D96D4007F766E /* VocabCoachTests */ = {
			isa = PBXFileSystemSynchronizedRootGroup;
			path = VocabCoachTests;
			sourceTree = "<group>";
		};
		D3C29C102E3D96D4007F766E /* VocabCoachUITests */ = {
			isa = PBXFileSystemSynchronizedRootGroup;
			path = VocabCoachUITests;
			sourceTree = "<group>";
		};
/* End PBXFileSystemSynchronizedRootGroup section */

/* Begin PBXFrameworksBuildPhase section */
		D3C29BF32E3D96D2007F766E /* Frameworks */ = {
			isa = PBXFrameworksBuildPhase;
			buildActionMask = 2147483647;
			files = (
			);
			runOnlyForDeploymentPostprocessing = 0;
		};
		D3C29C002E3D96D4007F766E /* Frameworks */ = {
			isa = PBXFrameworksBuildPhase;
			buildActionMask = 2147483647;
			files = (
			);
			runOnlyForDeploymentPostprocessing = 0;
		};
		D3C29C0A2E3D96D4007F766E /* Frameworks */ = {
			isa = PBXFrameworksBuildPhase;
			buildActionMask = 2147483647;
			files = (
			);
			runOnlyForDeploymentPostprocessing = 0;
		};
/* End PBXFrameworksBuildPhase section */

/* Begin PBXGroup section */
		D3C29BED2E3D96D2007F766E = {
			isa = PBXGroup;
			children = (
				D3C29BF82E3D96D2007F766E /* VocabCoach */,
				D3C29C062E3D96D4007F766E /* VocabCoachTests */,
				D3C29C102E3D96D4007F766E /* VocabCoachUITests */,
				D3C29BF72E3D96D2007F766E /* Products */,
			);
			sourceTree = "<group>";
		};
		D3C29BF72E3D96D2007F766E /* Products */ = {
			isa = PBXGroup;
			children = (
				D3C29BF62E3D96D2007F766E /* VocabCoach.app */,
				D3C29C032E3D96D4007F766E /* VocabCoachTests.xctest */,
				D3C29C0D2E3D96D4007F766E /* VocabCoachUITests.xctest */,
			);
			name = Products;
			sourceTree = "<group>";
		};
/* End PBXGroup section */

/* Begin PBXNativeTarget section */
		D3C29BF52E3D96D2007F766E /* VocabCoach */ = {
			isa = PBXNativeTarget;
			buildConfigurationList = D3C29C172E3D96D4007F766E /* Build configuration list for PBXNativeTarget "VocabCoach" */;
			buildPhases = (
				D3C29BF22E3D96D2007F766E /* Sources */,
				D3C29BF32E3D96D2007F766E /* Frameworks */,
				D3C29BF42E3D96D2007F766E /* Resources */,
			);
			buildRules = (
			);
			dependencies = (
			);
			fileSystemSynchronizedGroups = (
				D3C29BF82E3D96D2007F766E /* VocabCoach */,
			);
			name = VocabCoach;
			packageProductDependencies = (
			);
			productName = VocabCoach;
			productReference = D3C29BF62E3D96D2007F766E /* VocabCoach.app */;
			productType = "com.apple.product-type.application";
		};
		D3C29C022E3D96D4007F766E /* VocabCoachTests */ = {
			isa = PBXNativeTarget;
			buildConfigurationList = D3C29C1A2E3D96D4007F766E /* Build configuration list for PBXNativeTarget "VocabCoachTests" */;
			buildPhases = (
				D3C29BFF2E3D96D4007F766E /* Sources */,
				D3C29C002E3D96D4007F766E /* Frameworks */,
				D3C29C012E3D96D4007F766E /* Resources */,
			);
			buildRules = (
			);
			dependencies = (
				D3C29C052E3D96D4007F766E /* PBXTargetDependency */,
			);
			fileSystemSynchronizedGroups = (
				D3C29C062E3D96D4007F766E /* VocabCoachTests */,
			);
			name = VocabCoachTests;
			packageProductDependencies = (
			);
			productName = VocabCoachTests;
			productReference = D3C29C032E3D96D4007F766E /* VocabCoachTests.xctest */;
			productType = "com.apple.product-type.bundle.unit-test";
		};
		D3C29C0C2E3D96D4007F766E /* VocabCoachUITests */ = {
			isa = PBXNativeTarget;
			buildConfigurationList = D3C29C1D2E3D96D4007F766E /* Build configuration list for PBXNativeTarget "VocabCoachUITests" */;
			buildPhases = (
				D3C29C092E3D96D4007F766E /* Sources */,
				D3C29C0A2E3D96D4007F766E /* Frameworks */,
				D3C29C0B2E3D96D4007F766E /* Resources */,
			);
			buildRules = (
			);
			dependencies = (
				D3C29C0F2E3D96D4007F766E /* PBXTargetDependency */,
			);
			fileSystemSynchronizedGroups = (
				D3C29C102E3D96D4007F766E /* VocabCoachUITests */,
			);
			name = VocabCoachUITests;
			packageProductDependencies = (
			);
			productName = VocabCoachUITests;
			productReference = D3C29C0D2E3D96D4007F766E /* VocabCoachUITests.xctest */;
			productType = "com.apple.product-type.bundle.ui-testing";
		};
/* End PBXNativeTarget section */

/* Begin PBXProject section */
		D3C29BEE2E3D96D2007F766E /* Project object */ = {
			isa = PBXProject;
			attributes = {
				BuildIndependentTargetsInParallel = 1;
				LastSwiftUpdateCheck = 1640;
				LastUpgradeCheck = 1640;
				TargetAttributes = {
					D3C29BF52E3D96D2007F766E = {
						CreatedOnToolsVersion = 16.4;
					};
					D3C29C022E3D96D4007F766E = {
						CreatedOnToolsVersion = 16.4;
						TestTargetID = D3C29BF52E3D96D2007F766E;
					};
					D3C29C0C2E3D96D4007F766E = {
						CreatedOnToolsVersion = 16.4;
						TestTargetID = D3C29BF52E3D96D2007F766E;
					};
				};
			};
			buildConfigurationList = D3C29BF12E3D96D2007F766E /* Build configuration list for PBXProject "VocabCoach" */;
			developmentRegion = en;
			hasScannedForEncodings = 0;
			knownRegions = (
				en,
				Base,
			);
			mainGroup = D3C29BED2E3D96D2007F766E;
			minimizedProjectReferenceProxies = 1;
			preferredProjectObjectVersion = 77;
			productRefGroup = D3C29BF72E3D96D2007F766E /* Products */;
			projectDirPath = "";
			projectRoot = "";
			targets = (
				D3C29BF52E3D96D2007F766E /* VocabCoach */,
				D3C29C022E3D96D4007F766E /* VocabCoachTests */,
				D3C29C0C2E3D96D4007F766E /* VocabCoachUITests */,
			);
		};
/* End PBXProject section */

/* Begin PBXResourcesBuildPhase section */
		D3C29BF42E3D96D2007F766E /* Resources */ = {
			isa = PBXResourcesBuildPhase;
			buildActionMask = 2147483647;
			files = (
			);
			runOnlyForDeploymentPostprocessing = 0;
		};
		D3C29C012E3D96D4007F766E /* Resources */ = {
			isa = PBXResourcesBuildPhase;
			buildActionMask = 2147483647;
			files = (
			);
			runOnlyForDeploymentPostprocessing = 0;
		};
		D3C29C0B2E3D96D4007F766E /* Resources */ = {
			isa = PBXResourcesBuildPhase;
			buildActionMask = 2147483647;
			files = (
			);
			runOnlyForDeploymentPostprocessing = 0;
		};
/* End PBXResourcesBuildPhase section */

/* Begin PBXSourcesBuildPhase section */
		D3C29BF22E3D96D2007F766E /* Sources */ = {
			isa = PBXSourcesBuildPhase;
			buildActionMask = 2147483647;
			files = (
			);
			runOnlyForDeploymentPostprocessing = 0;
		};
		D3C29BFF2E3D96D4007F766E /* Sources */ = {
			isa = PBXSourcesBuildPhase;
			buildActionMask = 2147483647;
			files = (
			);
			runOnlyForDeploymentPostprocessing = 0;
		};
		D3C29C092E3D96D4007F766E /* Sources */ = {
			isa = PBXSourcesBuildPhase;
			buildActionMask = 2147483647;
			files = (
			);
			runOnlyForDeploymentPostprocessing = 0;
		};
/* End PBXSourcesBuildPhase section */

/* Begin PBXTargetDependency section */
		D3C29C052E3D96D4007F766E /* PBXTargetDependency */ = {
			isa = PBXTargetDependency;
			target = D3C29BF52E3D96D2007F766E /* VocabCoach */;
			targetProxy = D3C29C042E3D96D4007F766E /* PBXContainerItemProxy */;
		};
		D3C29C0F2E3D96D4007F766E /* PBXTargetDependency */ = {
			isa = PBXTargetDependency;
			target = D3C29BF52E3D96D2007F766E /* VocabCoach */;
			targetProxy = D3C29C0E2E3D96D4007F766E /* PBXContainerItemProxy */;
		};
/* End PBXTargetDependency section */

/* Begin XCBuildConfiguration section */
		D3C29C152E3D96D4007F766E /* Debug */ = {
			isa = XCBuildConfiguration;
			buildSettings = {
				ALWAYS_SEARCH_USER_PATHS = NO;
				ASSETCATALOG_COMPILER_GENERATE_SWIFT_ASSET_SYMBOL_EXTENSIONS = YES;
				CLANG_ANALYZER_NONNULL = YES;
				CLANG_ANALYZER_NUMBER_OBJECT_CONVERSION = YES_AGGRESSIVE;
				CLANG_CXX_LANGUAGE_STANDARD = "gnu++20";
				CLANG_ENABLE_MODULES = YES;
				CLANG_ENABLE_OBJC_ARC = YES;
				CLANG_ENABLE_OBJC_WEAK = YES;
				CLANG_WARN_BLOCK_CAPTURE_AUTORELEASING = YES;
				CLANG_WARN_BOOL_CONVERSION = YES;
				CLANG_WARN_COMMA = YES;
				CLANG_WARN_CONSTANT_CONVERSION = YES;
				CLANG_WARN_DEPRECATED_OBJC_IMPLEMENTATIONS = YES;
				CLANG_WARN_DIRECT_OBJC_ISA_USAGE = YES_ERROR;
				CLANG_WARN_DOCUMENTATION_COMMENTS = YES;
				CLANG_WARN_EMPTY_BODY = YES;
				CLANG_WARN_ENUM_CONVERSION = YES;
				CLANG_WARN_INFINITE_RECURSION = YES;
				CLANG_WARN_INT_CONVERSION = YES;
				CLANG_WARN_NON_LITERAL_NULL_CONVERSION = YES;
				CLANG_WARN_OBJC_IMPLICIT_RETAIN_SELF = YES;
				CLANG_WARN_OBJC_LITERAL_CONVERSION = YES;
				CLANG_WARN_OBJC_ROOT_CLASS = YES_ERROR;
				CLANG_WARN_QUOTED_INCLUDE_IN_FRAMEWORK_HEADER = YES;
				CLANG_WARN_RANGE_LOOP_ANALYSIS = YES;
				CLANG_WARN_STRICT_PROTOTYPES = YES;
				CLANG_WARN_SUSPICIOUS_MOVE = YES;
				CLANG_WARN_UNGUARDED_AVAILABILITY = YES_AGGRESSIVE;
				CLANG_WARN_UNREACHABLE_CODE = YES;
				CLANG_WARN__DUPLICATE_METHOD_MATCH = YES;
				COPY_PHASE_STRIP = NO;
				DEBUG_INFORMATION_FORMAT = dwarf;
				DEVELOPMENT_TEAM = YS3DT26ML6;
				ENABLE_STRICT_OBJC_MSGSEND = YES;
				ENABLE_TESTABILITY = YES;
				ENABLE_USER_SCRIPT_SANDBOXING = YES;
				GCC_C_LANGUAGE_STANDARD = gnu17;
				GCC_DYNAMIC_NO_PIC = NO;
				GCC_NO_COMMON_BLOCKS = YES;
				GCC_OPTIMIZATION_LEVEL = 0;
				GCC_PREPROCESSOR_DEFINITIONS = (
					"DEBUG=1",
					"$(inherited)",
				);
				GCC_WARN_64_TO_32_BIT_CONVERSION = YES;
				GCC_WARN_ABOUT_RETURN_TYPE = YES_ERROR;
				GCC_WARN_UNDECLARED_SELECTOR = YES;
				GCC_WARN_UNINITIALIZED_AUTOS = YES_AGGRESSIVE;
				GCC_WARN_UNUSED_FUNCTION = YES;
				GCC_WARN_UNUSED_VARIABLE = YES;
				IPHONEOS_DEPLOYMENT_TARGET = 18.5;
				LOCALIZATION_PREFERS_STRING_CATALOGS = YES;
				MTL_ENABLE_DEBUG_INFO = INCLUDE_SOURCE;
				MTL_FAST_MATH = YES;
				ONLY_ACTIVE_ARCH = YES;
				SDKROOT = iphoneos;
				SWIFT_ACTIVE_COMPILATION_CONDITIONS = "DEBUG $(inherited)";
				SWIFT_OPTIMIZATION_LEVEL = "-Onone";
			};
			name = Debug;
		};
		D3C29C162E3D96D4007F766E /* Release */ = {
			isa = XCBuildConfiguration;
			buildSettings = {
				ALWAYS_SEARCH_USER_PATHS = NO;
				ASSETCATALOG_COMPILER_GENERATE_SWIFT_ASSET_SYMBOL_EXTENSIONS = YES;
				CLANG_ANALYZER_NONNULL = YES;
				CLANG_ANALYZER_NUMBER_OBJECT_CONVERSION = YES_AGGRESSIVE;
				CLANG_CXX_LANGUAGE_STANDARD = "gnu++20";
				CLANG_ENABLE_MODULES = YES;
				CLANG_ENABLE_OBJC_ARC = YES;
				CLANG_ENABLE_OBJC_WEAK = YES;
				CLANG_WARN_BLOCK_CAPTURE_AUTORELEASING = YES;
				CLANG_WARN_BOOL_CONVERSION = YES;
				CLANG_WARN_COMMA = YES;
				CLANG_WARN_CONSTANT_CONVERSION = YES;
				CLANG_WARN_DEPRECATED_OBJC_IMPLEMENTATIONS = YES;
				CLANG_WARN_DIRECT_OBJC_ISA_USAGE = YES_ERROR;
				CLANG_WARN_DOCUMENTATION_COMMENTS = YES;
				CLANG_WARN_EMPTY_BODY = YES;
				CLANG_WARN_ENUM_CONVERSION = YES;
				CLANG_WARN_INFINITE_RECURSION = YES;
				CLANG_WARN_INT_CONVERSION = YES;
				CLANG_WARN_NON_LITERAL_NULL_CONVERSION = YES;
				CLANG_WARN_OBJC_IMPLICIT_RETAIN_SELF = YES;
				CLANG_WARN_OBJC_LITERAL_CONVERSION = YES;
				CLANG_WARN_OBJC_ROOT_CLASS = YES_ERROR;
				CLANG_WARN_QUOTED_INCLUDE_IN_FRAMEWORK_HEADER = YES;
				CLANG_WARN_RANGE_LOOP_ANALYSIS = YES;
				CLANG_WARN_STRICT_PROTOTYPES = YES;
				CLANG_WARN_SUSPICIOUS_MOVE = YES;
				CLANG_WARN_UNGUARDED_AVAILABILITY = YES_AGGRESSIVE;
				CLANG_WARN_UNREACHABLE_CODE = YES;
				CLANG_WARN__DUPLICATE_METHOD_MATCH = YES;
				COPY_PHASE_STRIP = NO;
				DEBUG_INFORMATION_FORMAT = "dwarf-with-dsym";
				DEVELOPMENT_TEAM = YS3DT26ML6;
				ENABLE_NS_ASSERTIONS = NO;
				ENABLE_STRICT_OBJC_MSGSEND = YES;
				ENABLE_USER_SCRIPT_SANDBOXING = YES;
				GCC_C_LANGUAGE_STANDARD = gnu17;
				GCC_NO_COMMON_BLOCKS = YES;
				GCC_WARN_64_TO_32_BIT_CONVERSION = YES;
				GCC_WARN_ABOUT_RETURN_TYPE = YES_ERROR;
				GCC_WARN_UNDECLARED_SELECTOR = YES;
				GCC_WARN_UNINITIALIZED_AUTOS = YES_AGGRESSIVE;
				GCC_WARN_UNUSED_FUNCTION = YES;
				GCC_WARN_UNUSED_VARIABLE = YES;
				IPHONEOS_DEPLOYMENT_TARGET = 18.5;
				LOCALIZATION_PREFERS_STRING_CATALOGS = YES;
				MTL_ENABLE_DEBUG_INFO = NO;
				MTL_FAST_MATH = YES;
				SDKROOT = iphoneos;
				SWIFT_COMPILATION_MODE = wholemodule;
				VALIDATE_PRODUCT = YES;
			};
			name = Release;
		};
		D3C29C182E3D96D4007F766E /* Debug */ = {
			isa = XCBuildConfiguration;
			buildSettings = {
				ASSETCATALOG_COMPILER_APPICON_NAME = AppIcon;
				ASSETCATALOG_COMPILER_GLOBAL_ACCENT_COLOR_NAME = AccentColor;
				CODE_SIGN_STYLE = Automatic;
				CURRENT_PROJECT_VERSION = 1;
				DEVELOPMENT_TEAM = YS3DT26ML6;
				ENABLE_PREVIEWS = YES;
				GENERATE_INFOPLIST_FILE = YES;
				INFOPLIST_KEY_UIApplicationSceneManifest_Generation = YES;
				INFOPLIST_KEY_UIApplicationSupportsIndirectInputEvents = YES;
				INFOPLIST_KEY_UILaunchScreen_Generation = YES;
				INFOPLIST_KEY_UISupportedInterfaceOrientations_iPad = "UIInterfaceOrientationPortrait UIInterfaceOrientationPortraitUpsideDown UIInterfaceOrientationLandscapeLeft UIInterfaceOrientationLandscapeRight";
				INFOPLIST_KEY_UISupportedInterfaceOrientations_iPhone = "UIInterfaceOrientationPortrait UIInterfaceOrientationLandscapeLeft UIInterfaceOrientationLandscapeRight";
				LD_RUNPATH_SEARCH_PATHS = (
					"$(inherited)",
					"@executable_path/Frameworks",
				);
				MARKETING_VERSION = 1.1;
				PRODUCT_BUNDLE_IDENTIFIER = company.VocabCoach;
				PRODUCT_NAME = "$(TARGET_NAME)";
				SWIFT_EMIT_LOC_STRINGS = YES;
				SWIFT_VERSION = 5.0;
				TARGETED_DEVICE_FAMILY = "1,2";
			};
			name = Debug;
		};
		D3C29C192E3D96D4007F766E /* Release */ = {
			isa = XCBuildConfiguration;
			buildSettings = {
				ASSETCATALOG_COMPILER_APPICON_NAME = AppIcon;
				ASSETCATALOG_COMPILER_GLOBAL_ACCENT_COLOR_NAME = AccentColor;
				CODE_SIGN_STYLE = Automatic;
				CURRENT_PROJECT_VERSION = 1;
				DEVELOPMENT_TEAM = YS3DT26ML6;
				ENABLE_PREVIEWS = YES;
				GENERATE_INFOPLIST_FILE = YES;
				INFOPLIST_KEY_UIApplicationSceneManifest_Generation = YES;
				INFOPLIST_KEY_UIApplicationSupportsIndirectInputEvents = YES;
				INFOPLIST_KEY_UILaunchScreen_Generation = YES;
				INFOPLIST_KEY_UISupportedInterfaceOrientations_iPad = "UIInterfaceOrientationPortrait UIInterfaceOrientationPortraitUpsideDown UIInterfaceOrientationLandscapeLeft UIInterfaceOrientationLandscapeRight";
				INFOPLIST_KEY_UISupportedInterfaceOrientations_iPhone = "UIInterfaceOrientationPortrait UIInterfaceOrientationLandscapeLeft UIInterfaceOrientationLandscapeRight";
				LD_RUNPATH_SEARCH_PATHS = (
					"$(inherited)",
					"@executable_path/Frameworks",
				);
				MARKETING_VERSION = 1.1;
				PRODUCT_BUNDLE_IDENTIFIER = company.VocabCoach;
				PRODUCT_NAME = "$(TARGET_NAME)";
				SWIFT_EMIT_LOC_STRINGS = YES;
				SWIFT_VERSION = 5.0;
				TARGETED_DEVICE_FAMILY = "1,2";
			};
			name = Release;
		};
		D3C29C1B2E3D96D4007F766E /* Debug */ = {
			isa = XCBuildConfiguration;
			buildSettings = {
				BUNDLE_LOADER = "$(TEST_HOST)";
				CODE_SIGN_STYLE = Automatic;
				CURRENT_PROJECT_VERSION = 1;
				DEVELOPMENT_TEAM = YS3DT26ML6;
				GENERATE_INFOPLIST_FILE = YES;
				IPHONEOS_DEPLOYMENT_TARGET = 18.5;
				MARKETING_VERSION = 1.0;
				PRODUCT_BUNDLE_IDENTIFIER = company.VocabCoachTests;
				PRODUCT_NAME = "$(TARGET_NAME)";
				SWIFT_EMIT_LOC_STRINGS = NO;
				SWIFT_VERSION = 5.0;
				TARGETED_DEVICE_FAMILY = "1,2";
				TEST_HOST = "$(BUILT_PRODUCTS_DIR)/VocabCoach.app/$(BUNDLE_EXECUTABLE_FOLDER_PATH)/VocabCoach";
			};
			name = Debug;
		};
		D3C29C1C2E3D96D4007F766E /* Release */ = {
			isa = XCBuildConfiguration;
			buildSettings = {
				BUNDLE_LOADER = "$(TEST_HOST)";
				CODE_SIGN_STYLE = Automatic;
				CURRENT_PROJECT_VERSION = 1;
				DEVELOPMENT_TEAM = YS3DT26ML6;
				GENERATE_INFOPLIST_FILE = YES;
				IPHONEOS_DEPLOYMENT_TARGET = 18.5;
				MARKETING_VERSION = 1.0;
				PRODUCT_BUNDLE_IDENTIFIER = company.VocabCoachTests;
				PRODUCT_NAME = "$(TARGET_NAME)";
				SWIFT_EMIT_LOC_STRINGS = NO;
				SWIFT_VERSION = 5.0;
				TARGETED_DEVICE_FAMILY = "1,2";
				TEST_HOST = "$(BUILT_PRODUCTS_DIR)/VocabCoach.app/$(BUNDLE_EXECUTABLE_FOLDER_PATH)/VocabCoach";
			};
			name = Release;
		};
		D3C29C1E2E3D96D4007F766E /* Debug */ = {
			isa = XCBuildConfiguration;
			buildSettings = {
				CODE_SIGN_STYLE = Automatic;
				CURRENT_PROJECT_VERSION = 1;
				DEVELOPMENT_TEAM = YS3DT26ML6;
				GENERATE_INFOPLIST_FILE = YES;
				MARKETING_VERSION = 1.0;
				PRODUCT_BUNDLE_IDENTIFIER = company.VocabCoachUITests;
				PRODUCT_NAME = "$(TARGET_NAME)";
				SWIFT_EMIT_LOC_STRINGS = NO;
				SWIFT_VERSION = 5.0;
				TARGETED_DEVICE_FAMILY = "1,2";
				TEST_TARGET_NAME = VocabCoach;
			};
			name = Debug;
		};
		D3C29C1F2E3D96D4007F766E /* Release */ = {
			isa = XCBuildConfiguration;
			buildSettings = {
				CODE_SIGN_STYLE = Automatic;
				CURRENT_PROJECT_VERSION = 1;
				DEVELOPMENT_TEAM = YS3DT26ML6;
				GENERATE_INFOPLIST_FILE = YES;
				MARKETING_VERSION = 1.0;
				PRODUCT_BUNDLE_IDENTIFIER = company.VocabCoachUITests;
				PRODUCT_NAME = "$(TARGET_NAME)";
				SWIFT_EMIT_LOC_STRINGS = NO;
				SWIFT_VERSION = 5.0;
				TARGETED_DEVICE_FAMILY = "1,2";
				TEST_TARGET_NAME = VocabCoach;
			};
			name = Release;
		};
/* End XCBuildConfiguration section */

/* Begin XCConfigurationList section */
		D3C29BF12E3D96D2007F766E /* Build configuration list for PBXProject "VocabCoach" */ = {
			isa = XCConfigurationList;
			buildConfigurations = (
				D3C29C152E3D96D4007F766E /* Debug */,
				D3C29C162E3D96D4007F766E /* Release */,
			);
			defaultConfigurationIsVisible = 0;
			defaultConfigurationName = Release;
		};
		D3C29C172E3D96D4007F766E /* Build configuration list for PBXNativeTarget "VocabCoach" */ = {
			isa = XCConfigurationList;
			buildConfigurations = (
				D3C29C182E3D96D4007F766E /* Debug */,
				D3C29C192E3D96D4007F766E /* Release */,
			);
			defaultConfigurationIsVisible = 0;
			defaultConfigurationName = Release;
		};
		D3C29C1A2E3D96D4007F766E /* Build configuration list for PBXNativeTarget "VocabCoachTests" */ = {
			isa = XCConfigurationList;
			buildConfigurations = (
				D3C29C1B2E3D96D4007F766E /* Debug */,
				D3C29C1C2E3D96D4007F766E /* Release */,
			);
			defaultConfigurationIsVisible = 0;
			defaultConfigurationName = Release;
		};
		D3C29C1D2E3D96D4007F766E /* Build configuration list for PBXNativeTarget "VocabCoachUITests" */ = {
			isa = XCConfigurationList;
			buildConfigurations = (
				D3C29C1E2E3D96D4007F766E /* Debug */,
				D3C29C1F2E3D96D4007F766E /* Release */,
			);
			defaultConfigurationIsVisible = 0;
			defaultConfigurationName = Release;
		};
/* End XCConfigurationList section */
	};
	rootObject = D3C29BEE2E3D96D2007F766E /* Project object */;
}
